
Microsoft Visual Studio Solution File, Format Version 12.00
# Visual Studio Version 17
VisualStudioVersion = 17.9.34616.47
MinimumVisualStudioVersion = 10.0.40219.1
Project("{8BC9CEB8-8B4A-11D0-8D11-00A0C91BC942}") = "Inisialisasi", "Inisialisasi\Inisialisasi.vcxproj", "{DB43C962-269C-4C0B-81C3-B5803F570129}"
EndProject
Project("{8BC9CEB8-8B4A-11D0-8D11-00A0C91BC942}") = "Komposisi", "Komposisi\Komposisi.vcxproj", "{0D1CD579-70FD-43A7-BE07-04B07380DE02}"
EndProject
Project("{8BC9CEB8-8B4A-11D0-8D11-00A0C91BC942}") = "Agresiasi", "Agresiasi\Agresiasi.vcxproj", "{E8C19EA8-5954-4F0D-9499-0703D204C2B8}"
EndProject
Project("{8BC9CEB8-8B4A-11D0-8D11-00A0C91BC942}") = "Asosiasi", "Asosiasi\Asosiasi.vcxproj", "{A0557D4C-644A-4F5C-9D3E-9BDF82332654}"
EndProject
Global
	GlobalSection(SolutionConfigurationPlatforms) = preSolution
		Debug|x64 = Debug|x64
		Debug|x86 = Debug|x86
		Release|x64 = Release|x64
		Release|x86 = Release|x86
	EndGlobalSection
	GlobalSection(ProjectConfigurationPlatforms) = postSolution
		{DB43C962-269C-4C0B-81C3-B5803F570129}.Debug|x64.ActiveCfg = Debug|x64
		{DB43C962-269C-4C0B-81C3-B5803F570129}.Debug|x64.Build.0 = Debug|x64
		{DB43C962-269C-4C0B-81C3-B5803F570129}.Debug|x86.ActiveCfg = Debug|Win32
		{DB43C962-269C-4C0B-81C3-B5803F570129}.Debug|x86.Build.0 = Debug|Win32
		{DB43C962-269C-4C0B-81C3-B5803F570129}.Release|x64.ActiveCfg = Release|x64
		{DB43C962-269C-4C0B-81C3-B5803F570129}.Release|x64.Build.0 = Release|x64
		{DB43C962-269C-4C0B-81C3-B5803F570129}.Release|x86.ActiveCfg = Release|Win32
		{DB43C962-269C-4C0B-81C3-B5803F570129}.Release|x86.Build.0 = Release|Win32
		{0D1CD579-70FD-43A7-BE07-04B07380DE02}.Debug|x64.ActiveCfg = Debug|x64
		{0D1CD579-70FD-43A7-BE07-04B07380DE02}.Debug|x64.Build.0 = Debug|x64
		{0D1CD579-70FD-43A7-BE07-04B07380DE02}.Debug|x86.ActiveCfg = Debug|Win32
		{0D1CD579-70FD-43A7-BE07-04B07380DE02}.Debug|x86.Build.0 = Debug|Win32
		{0D1CD579-70FD-43A7-BE07-04B07380DE02}.Release|x64.ActiveCfg = Release|x64
		{0D1CD579-70FD-43A7-BE07-04B07380DE02}.Release|x64.Build.0 = Release|x64
		{0D1CD579-70FD-43A7-BE07-04B07380DE02}.Release|x86.ActiveCfg = Release|Win32
		{0D1CD579-70FD-43A7-BE07-04B07380DE02}.Release|x86.Build.0 = Release|Win32
		{E8C19EA8-5954-4F0D-9499-0703D204C2B8}.Debug|x64.ActiveCfg = Debug|x64
		{E8C19EA8-5954-4F0D-9499-0703D204C2B8}.Debug|x64.Build.0 = Debug|x64
		{E8C19EA8-5954-4F0D-9499-0703D204C2B8}.Debug|x86.ActiveCfg = Debug|Win32
		{E8C19EA8-5954-4F0D-9499-0703D204C2B8}.Debug|x86.Build.0 = Debug|Win32
		{E8C19EA8-5954-4F0D-9499-0703D204C2B8}.Release|x64.ActiveCfg = Release|x64
		{E8C19EA8-5954-4F0D-9499-0703D204C2B8}.Release|x64.Build.0 = Release|x64
		{E8C19EA8-5954-4F0D-9499-0703D204C2B8}.Release|x86.ActiveCfg = Release|Win32
		{E8C19EA8-5954-4F0D-9499-0703D204C2B8}.Release|x86.Build.0 = Release|Win32
		{A0557D4C-644A-4F5C-9D3E-9BDF82332654}.Debug|x64.ActiveCfg = Debug|x64
		{A0557D4C-644A-4F5C-9D3E-9BDF82332654}.Debug|x64.Build.0 = Debug|x64
		{A0557D4C-644A-4F5C-9D3E-9BDF82332654}.Debug|x86.ActiveCfg = Debug|Win32
		{A0557D4C-644A-4F5C-9D3E-9BDF82332654}.Debug|x86.Build.0 = Debug|Win32
		{A0557D4C-644A-4F5C-9D3E-9BDF82332654}.Release|x64.ActiveCfg = Release|x64
		{A0557D4C-644A-4F5C-9D3E-9BDF82332654}.Release|x64.Build.0 = Release|x64
		{A0557D4C-644A-4F5C-9D3E-9BDF82332654}.Release|x86.ActiveCfg = Release|Win32
		{A0557D4C-644A-4F5C-9D3E-9BDF82332654}.Release|x86.Build.0 = Release|Win32
	EndGlobalSection
	GlobalSection(SolutionProperties) = preSolution
		HideSolutionNode = FALSE
	EndGlobalSection
	GlobalSection(ExtensibilityGlobals) = postSolution
		SolutionGuid = {E10C38F4-9129-409B-8598-805B4066083E}
	EndGlobalSection
EndGlobal
